
Microsoft Visual Studio Solution File, Format Version 12.00
# Visual Studio Version 17
VisualStudioVersion = 17.2.32630.192
MinimumVisualStudioVersion = 10.0.40219.1
Project("{FAE04EC0-301F-11D3-BF4B-00C04F79EFBC}") = "PatternStrategy.Core", "PatternStrategy.Core\PatternStrategy.Core.csproj", "{660C47F4-7DD5-49C0-A444-9DCAD03E6FE9}"
EndProject
Project("{9A19103F-16F7-4668-BE54-9A1E7A4F7556}") = "PatternStrategy.ConsoleApp", "PatternStrategy.ConsoleApp\PatternStrategy.ConsoleApp.csproj", "{018ECED6-C5DB-41E0-AA3A-0E38B478F3F6}"
EndProject
Global
	GlobalSection(SolutionConfigurationPlatforms) = preSolution
		Debug|Any CPU = Debug|Any CPU
		Release|Any CPU = Release|Any CPU
	EndGlobalSection
	GlobalSection(ProjectConfigurationPlatforms) = postSolution
		{660C47F4-7DD5-49C0-A444-9DCAD03E6FE9}.Debug|Any CPU.ActiveCfg = Debug|Any CPU
		{660C47F4-7DD5-49C0-A444-9DCAD03E6FE9}.Debug|Any CPU.Build.0 = Debug|Any CPU
		{660C47F4-7DD5-49C0-A444-9DCAD03E6FE9}.Release|Any CPU.ActiveCfg = Release|Any CPU
		{660C47F4-7DD5-49C0-A444-9DCAD03E6FE9}.Release|Any CPU.Build.0 = Release|Any CPU
		{018ECED6-C5DB-41E0-AA3A-0E38B478F3F6}.Debug|Any CPU.ActiveCfg = Debug|Any CPU
		{018ECED6-C5DB-41E0-AA3A-0E38B478F3F6}.Debug|Any CPU.Build.0 = Debug|Any CPU
		{018ECED6-C5DB-41E0-AA3A-0E38B478F3F6}.Release|Any CPU.ActiveCfg = Release|Any CPU
		{018ECED6-C5DB-41E0-AA3A-0E38B478F3F6}.Release|Any CPU.Build.0 = Release|Any CPU
	EndGlobalSection
	GlobalSection(SolutionProperties) = preSolution
		HideSolutionNode = FALSE
	EndGlobalSection
	GlobalSection(ExtensibilityGlobals) = postSolution
		SolutionGuid = {616687EC-3C08-4323-95B5-3D07CD7D5B26}
	EndGlobalSection
EndGlobal
