
Microsoft Visual Studio Solution File, Format Version 12.00
# Visual Studio Version 17
VisualStudioVersion = 17.2.32630.192
MinimumVisualStudioVersion = 10.0.40219.1
Project("{FAE04EC0-301F-11D3-BF4B-00C04F79EFBC}") = "MaintWindowScheduling", "MaintWindowScheduling.csproj", "{888420D4-CEB2-45D6-85E1-63BCAEF99F78}"
EndProject
Global
	GlobalSection(SolutionConfigurationPlatforms) = preSolution
		Debug|Any CPU = Debug|Any CPU
		Release|Any CPU = Release|Any CPU
	EndGlobalSection
	GlobalSection(ProjectConfigurationPlatforms) = postSolution
		{888420D4-CEB2-45D6-85E1-63BCAEF99F78}.Debug|Any CPU.ActiveCfg = Debug|Any CPU
		{888420D4-CEB2-45D6-85E1-63BCAEF99F78}.Debug|Any CPU.Build.0 = Debug|Any CPU
		{888420D4-CEB2-45D6-85E1-63BCAEF99F78}.Release|Any CPU.ActiveCfg = Release|Any CPU
		{888420D4-CEB2-45D6-85E1-63BCAEF99F78}.Release|Any CPU.Build.0 = Release|Any CPU
	EndGlobalSection
	GlobalSection(SolutionProperties) = preSolution
		HideSolutionNode = FALSE
	EndGlobalSection
	GlobalSection(ExtensibilityGlobals) = postSolution
		SolutionGuid = {7C4D9E8E-30C3-4A3D-9A8B-B7DA5DE6CC05}
	EndGlobalSection
EndGlobal
