
Microsoft Visual Studio Solution File, Format Version 12.00
# Visual Studio Version 17
VisualStudioVersion = 17.4.33110.190
MinimumVisualStudioVersion = 10.0.40219.1
Project("{FAE04EC0-301F-11D3-BF4B-00C04F79EFBC}") = "MTPerformance", "MTPerformance.csproj", "{61B5F980-EE46-49B3-8467-86AC2BD3238D}"
EndProject
Global
	GlobalSection(SolutionConfigurationPlatforms) = preSolution
		Debug|Any CPU = Debug|Any CPU
		Release|Any CPU = Release|Any CPU
	EndGlobalSection
	GlobalSection(ProjectConfigurationPlatforms) = postSolution
		{61B5F980-EE46-49B3-8467-86AC2BD3238D}.Debug|Any CPU.ActiveCfg = Debug|Any CPU
		{61B5F980-EE46-49B3-8467-86AC2BD3238D}.Debug|Any CPU.Build.0 = Debug|Any CPU
		{61B5F980-EE46-49B3-8467-86AC2BD3238D}.Release|Any CPU.ActiveCfg = Release|Any CPU
		{61B5F980-EE46-49B3-8467-86AC2BD3238D}.Release|Any CPU.Build.0 = Release|Any CPU
	EndGlobalSection
	GlobalSection(SolutionProperties) = preSolution
		HideSolutionNode = FALSE
	EndGlobalSection
	GlobalSection(ExtensibilityGlobals) = postSolution
		SolutionGuid = {A34609F8-50EC-4267-B068-0600F7D21542}
	EndGlobalSection
EndGlobal
