
Microsoft Visual Studio Solution File, Format Version 12.00
# Visual Studio Version 17
VisualStudioVersion = 17.2.32630.192
MinimumVisualStudioVersion = 10.0.40219.1
Project("{FAE04EC0-301F-11D3-BF4B-00C04F79EFBC}") = "WinFormsGreatAgain", "WinFormsGreatAgain.csproj", "{8BBCFAB8-CAB0-4508-9497-A2588E8AC89D}"
EndProject
Global
	GlobalSection(SolutionConfigurationPlatforms) = preSolution
		Debug|Any CPU = Debug|Any CPU
		Release|Any CPU = Release|Any CPU
	EndGlobalSection
	GlobalSection(ProjectConfigurationPlatforms) = postSolution
		{8BBCFAB8-CAB0-4508-9497-A2588E8AC89D}.Debug|Any CPU.ActiveCfg = Debug|Any CPU
		{8BBCFAB8-CAB0-4508-9497-A2588E8AC89D}.Debug|Any CPU.Build.0 = Debug|Any CPU
		{8BBCFAB8-CAB0-4508-9497-A2588E8AC89D}.Release|Any CPU.ActiveCfg = Release|Any CPU
		{8BBCFAB8-CAB0-4508-9497-A2588E8AC89D}.Release|Any CPU.Build.0 = Release|Any CPU
	EndGlobalSection
	GlobalSection(SolutionProperties) = preSolution
		HideSolutionNode = FALSE
	EndGlobalSection
	GlobalSection(ExtensibilityGlobals) = postSolution
		SolutionGuid = {D12C4C42-1F5D-431F-A7F8-0874941ADF18}
	EndGlobalSection
EndGlobal
